
Microsoft Visual Studio Solution File, Format Version 12.00
# Visual Studio 15
Project("{FAE04EC0-301F-11D3-BF4B-00C04F79EFBC}") = "Assembly-CSharp", "Assembly-CSharp.csproj", "{876F4C12-5458-A505-0104-FB7010A60466}"
EndProject
Project("{FAE04EC0-301F-11D3-BF4B-00C04F79EFBC}") = "Assembly-CSharp-Editor", "Assembly-CSharp-Editor.csproj", "{B7696909-6B55-E161-71A7-3FD936A731E4}"
EndProject
Global
	GlobalSection(SolutionConfigurationPlatforms) = preSolution
		Debug|Any CPU = Debug|Any CPU
		Release|Any CPU = Release|Any CPU
	EndGlobalSection
	GlobalSection(ProjectConfigurationPlatforms) = postSolution
		{876F4C12-5458-A505-0104-FB7010A60466}.Debug|Any CPU.ActiveCfg = Debug|Any CPU
		{876F4C12-5458-A505-0104-FB7010A60466}.Debug|Any CPU.Build.0 = Debug|Any CPU
		{876F4C12-5458-A505-0104-FB7010A60466}.Release|Any CPU.ActiveCfg = Release|Any CPU
		{876F4C12-5458-A505-0104-FB7010A60466}.Release|Any CPU.Build.0 = Release|Any CPU
		{B7696909-6B55-E161-71A7-3FD936A731E4}.Debug|Any CPU.ActiveCfg = Debug|Any CPU
		{B7696909-6B55-E161-71A7-3FD936A731E4}.Debug|Any CPU.Build.0 = Debug|Any CPU
		{B7696909-6B55-E161-71A7-3FD936A731E4}.Release|Any CPU.ActiveCfg = Release|Any CPU
		{B7696909-6B55-E161-71A7-3FD936A731E4}.Release|Any CPU.Build.0 = Release|Any CPU
	EndGlobalSection
	GlobalSection(SolutionProperties) = preSolution
		HideSolutionNode = FALSE
	EndGlobalSection
EndGlobal
